
Microsoft Visual Studio Solution File, Format Version 12.00
# Visual Studio Version 17
VisualStudioVersion = 17.14.37111.16
MinimumVisualStudioVersion = 10.0.40219.1
Project("{FAE04EC0-301F-11D3-BF4B-00C04F79EFBC}") = "HotelMaster", "HotelMaster\HotelMaster.csproj", "{6D4264C0-C438-4E25-9698-9880E1FF0A99}"
EndProject
Global
	GlobalSection(SolutionConfigurationPlatforms) = preSolution
		Debug|Any CPU = Debug|Any CPU
		Release|Any CPU = Release|Any CPU
	EndGlobalSection
	GlobalSection(ProjectConfigurationPlatforms) = postSolution
		{6D4264C0-C438-4E25-9698-9880E1FF0A99}.Debug|Any CPU.ActiveCfg = Debug|Any CPU
		{6D4264C0-C438-4E25-9698-9880E1FF0A99}.Debug|Any CPU.Build.0 = Debug|Any CPU
		{6D4264C0-C438-4E25-9698-9880E1FF0A99}.Release|Any CPU.ActiveCfg = Release|Any CPU
		{6D4264C0-C438-4E25-9698-9880E1FF0A99}.Release|Any CPU.Build.0 = Release|Any CPU
	EndGlobalSection
	GlobalSection(SolutionProperties) = preSolution
		HideSolutionNode = FALSE
	EndGlobalSection
	GlobalSection(ExtensibilityGlobals) = postSolution
		SolutionGuid = {BD97A7BB-F713-471E-B30A-F1F8735A2402}
	EndGlobalSection
EndGlobal
